
Microsoft Visual Studio Solution File, Format Version 12.00
# Visual Studio Version 16
VisualStudioVersion = 16.0.31105.61
MinimumVisualStudioVersion = 10.0.40219.1
Project("{9A19103F-16F7-4668-BE54-9A1E7A4F7556}") = "BspLib", "BspLib\BspLib.csproj", "{6A832782-F7FC-444B-B811-166DFD867EFD}"
EndProject
Project("{2150E333-8FDC-42A3-9474-1A3956D46DE8}") = "Libs", "Libs", "{ED5CDAFF-C0AB-4571-A669-4408D63B59B7}"
EndProject
Project("{9A19103F-16F7-4668-BE54-9A1E7A4F7556}") = "MapLib", "MapLib\MapLib.csproj", "{E084F8AD-E833-4B7F-ADDA-08E97B68A6BC}"
EndProject
Project("{FAE04EC0-301F-11D3-BF4B-00C04F79EFBC}") = "ShaderLib", "ShaderLib\ShaderLib.csproj", "{589325FF-CBB1-4EE8-8675-B79AA93B39D4}"
EndProject
Global
	GlobalSection(SolutionConfigurationPlatforms) = preSolution
		Debug|Any CPU = Debug|Any CPU
		Release|Any CPU = Release|Any CPU
	EndGlobalSection
	GlobalSection(ProjectConfigurationPlatforms) = postSolution
		{6A832782-F7FC-444B-B811-166DFD867EFD}.Debug|Any CPU.ActiveCfg = Debug|Any CPU
		{6A832782-F7FC-444B-B811-166DFD867EFD}.Debug|Any CPU.Build.0 = Debug|Any CPU
		{6A832782-F7FC-444B-B811-166DFD867EFD}.Release|Any CPU.ActiveCfg = Release|Any CPU
		{6A832782-F7FC-444B-B811-166DFD867EFD}.Release|Any CPU.Build.0 = Release|Any CPU
		{E084F8AD-E833-4B7F-ADDA-08E97B68A6BC}.Debug|Any CPU.ActiveCfg = Debug|Any CPU
		{E084F8AD-E833-4B7F-ADDA-08E97B68A6BC}.Debug|Any CPU.Build.0 = Debug|Any CPU
		{E084F8AD-E833-4B7F-ADDA-08E97B68A6BC}.Release|Any CPU.ActiveCfg = Release|Any CPU
		{E084F8AD-E833-4B7F-ADDA-08E97B68A6BC}.Release|Any CPU.Build.0 = Release|Any CPU
		{589325FF-CBB1-4EE8-8675-B79AA93B39D4}.Debug|Any CPU.ActiveCfg = Debug|Any CPU
		{589325FF-CBB1-4EE8-8675-B79AA93B39D4}.Debug|Any CPU.Build.0 = Debug|Any CPU
		{589325FF-CBB1-4EE8-8675-B79AA93B39D4}.Release|Any CPU.ActiveCfg = Release|Any CPU
		{589325FF-CBB1-4EE8-8675-B79AA93B39D4}.Release|Any CPU.Build.0 = Release|Any CPU
	EndGlobalSection
	GlobalSection(SolutionProperties) = preSolution
		HideSolutionNode = FALSE
	EndGlobalSection
	GlobalSection(NestedProjects) = preSolution
		{6A832782-F7FC-444B-B811-166DFD867EFD} = {ED5CDAFF-C0AB-4571-A669-4408D63B59B7}
		{E084F8AD-E833-4B7F-ADDA-08E97B68A6BC} = {ED5CDAFF-C0AB-4571-A669-4408D63B59B7}
		{589325FF-CBB1-4EE8-8675-B79AA93B39D4} = {ED5CDAFF-C0AB-4571-A669-4408D63B59B7}
	EndGlobalSection
	GlobalSection(ExtensibilityGlobals) = postSolution
		SolutionGuid = {BCE137CE-00B0-4CE6-BF17-00535C66F84D}
	EndGlobalSection
EndGlobal
